// !$*UTF8*$!
{
	archiveVersion = 1;
	classes = {
	};
	objectVersion = 48;
	objects = {

/* Begin PBXBuildFile section */
		022DE1C4202DB41400B95854 /* v2_to_v3_mappingModel.xcmappingmodel in Sources */ = {isa = PBXBuildFile; fileRef = 022DE1C3202DB41400B95854 /* v2_to_v3_mappingModel.xcmappingmodel */; };
		022DE1C6202DB43900B95854 /* v2_to_v3_migrationPolicy.swift in Sources */ = {isa = PBXBuildFile; fileRef = 022DE1C5202DB43900B95854 /* v2_to_v3_migrationPolicy.swift */; };
		022DE1CB202DBB8600B95854 /* SimpleEntity+CoreDataClass.swift in Sources */ = {isa = PBXBuildFile; fileRef = 022DE1C7202DBB8600B95854 /* SimpleEntity+CoreDataClass.swift */; };
		022DE1CC202DBB8600B95854 /* SimpleEntity+CoreDataProperties.swift in Sources */ = {isa = PBXBuildFile; fileRef = 022DE1C8202DBB8600B95854 /* SimpleEntity+CoreDataProperties.swift */; };
		022DE1CD202DBB8600B95854 /* TextEntity+CoreDataClass.swift in Sources */ = {isa = PBXBuildFile; fileRef = 022DE1C9202DBB8600B95854 /* TextEntity+CoreDataClass.swift */; };
		022DE1CE202DBB8600B95854 /* TextEntity+CoreDataProperties.swift in Sources */ = {isa = PBXBuildFile; fileRef = 022DE1CA202DBB8600B95854 /* TextEntity+CoreDataProperties.swift */; };
		022DE1D6202DFF0B00B95854 /* CDMigrationTestTests.swift in Sources */ = {isa = PBXBuildFile; fileRef = 022DE1D5202DFF0B00B95854 /* CDMigrationTestTests.swift */; };
		022DE1DD202E002300B95854 /* AppDelegate.swift in Sources */ = {isa = PBXBuildFile; fileRef = 025B0EAB2028B40400A6BDED /* AppDelegate.swift */; };
		022DE1E0202E02F500B95854 /* CDMigrationTest-old.sqlite in Resources */ = {isa = PBXBuildFile; fileRef = 022DE1DF202E02F500B95854 /* CDMigrationTest-old.sqlite */; };
		022DE1E1202E02F500B95854 /* CDMigrationTest-old.sqlite in Resources */ = {isa = PBXBuildFile; fileRef = 022DE1DF202E02F500B95854 /* CDMigrationTest-old.sqlite */; };
		022DE1E7202E133E00B95854 /* CDMigrationService.swift in Sources */ = {isa = PBXBuildFile; fileRef = 022DE1E5202E109000B95854 /* CDMigrationService.swift */; };
		022DE1E8202E135D00B95854 /* CDMigrationService.swift in Sources */ = {isa = PBXBuildFile; fileRef = 022DE1E5202E109000B95854 /* CDMigrationService.swift */; };
		025B0EAC2028B40400A6BDED /* AppDelegate.swift in Sources */ = {isa = PBXBuildFile; fileRef = 025B0EAB2028B40400A6BDED /* AppDelegate.swift */; };
		025B0EAE2028B40400A6BDED /* ViewController.swift in Sources */ = {isa = PBXBuildFile; fileRef = 025B0EAD2028B40400A6BDED /* ViewController.swift */; };
		025B0EB12028B40400A6BDED /* Main.storyboard in Resources */ = {isa = PBXBuildFile; fileRef = 025B0EAF2028B40400A6BDED /* Main.storyboard */; };
		025B0EB42028B40400A6BDED /* CDMigrationTest.xcdatamodeld in Sources */ = {isa = PBXBuildFile; fileRef = 025B0EB22028B40400A6BDED /* CDMigrationTest.xcdatamodeld */; };
		025B0EB62028B40400A6BDED /* Assets.xcassets in Resources */ = {isa = PBXBuildFile; fileRef = 025B0EB52028B40400A6BDED /* Assets.xcassets */; };
		025B0EB92028B40400A6BDED /* LaunchScreen.storyboard in Resources */ = {isa = PBXBuildFile; fileRef = 025B0EB72028B40400A6BDED /* LaunchScreen.storyboard */; };
		025B0ED1202C94F300A6BDED /* v1_to_v2_mappingModel.xcmappingmodel in Sources */ = {isa = PBXBuildFile; fileRef = 025B0ED0202C94F300A6BDED /* v1_to_v2_mappingModel.xcmappingmodel */; };
		025B0ED4202C95DC00A6BDED /* v1_to_v2_migrationPolicy.swift in Sources */ = {isa = PBXBuildFile; fileRef = 025B0ED3202C95DC00A6BDED /* v1_to_v2_migrationPolicy.swift */; };
/* End PBXBuildFile section */

/* Begin PBXContainerItemProxy section */
		022DE1D8202DFF0B00B95854 /* PBXContainerItemProxy */ = {
			isa = PBXContainerItemProxy;
			containerPortal = 025B0EA02028B40400A6BDED /* Project object */;
			proxyType = 1;
			remoteGlobalIDString = 025B0EA72028B40400A6BDED;
			remoteInfo = CDMigrationTest;
		};
/* End PBXContainerItemProxy section */

/* Begin PBXFileReference section */
		022DE1BE202DB29600B95854 /* CDMigrationTest3.xcdatamodel */ = {isa = PBXFileReference; lastKnownFileType = wrapper.xcdatamodel; path = CDMigrationTest3.xcdatamodel; sourceTree = "<group>"; };
		022DE1C3202DB41400B95854 /* v2_to_v3_mappingModel.xcmappingmodel */ = {isa = PBXFileReference; lastKnownFileType = wrapper.xcmappingmodel; path = v2_to_v3_mappingModel.xcmappingmodel; sourceTree = "<group>"; };
		022DE1C5202DB43900B95854 /* v2_to_v3_migrationPolicy.swift */ = {isa = PBXFileReference; lastKnownFileType = sourcecode.swift; path = v2_to_v3_migrationPolicy.swift; sourceTree = "<group>"; };
		022DE1C7202DBB8600B95854 /* SimpleEntity+CoreDataClass.swift */ = {isa = PBXFileReference; lastKnownFileType = sourcecode.swift; path = "SimpleEntity+CoreDataClass.swift"; sourceTree = "<group>"; };
		022DE1C8202DBB8600B95854 /* SimpleEntity+CoreDataProperties.swift */ = {isa = PBXFileReference; lastKnownFileType = sourcecode.swift; path = "SimpleEntity+CoreDataProperties.swift"; sourceTree = "<group>"; };
		022DE1C9202DBB8600B95854 /* TextEntity+CoreDataClass.swift */ = {isa = PBXFileReference; lastKnownFileType = sourcecode.swift; path = "TextEntity+CoreDataClass.swift"; sourceTree = "<group>"; };
		022DE1CA202DBB8600B95854 /* TextEntity+CoreDataProperties.swift */ = {isa = PBXFileReference; lastKnownFileType = sourcecode.swift; path = "TextEntity+CoreDataProperties.swift"; sourceTree = "<group>"; };
		022DE1D3202DFF0B00B95854 /* CDMigrationTestTests.xctest */ = {isa = PBXFileReference; explicitFileType = wrapper.cfbundle; includeInIndex = 0; path = CDMigrationTestTests.xctest; sourceTree = BUILT_PRODUCTS_DIR; };
		022DE1D5202DFF0B00B95854 /* CDMigrationTestTests.swift */ = {isa = PBXFileReference; lastKnownFileType = sourcecode.swift; path = CDMigrationTestTests.swift; sourceTree = "<group>"; };
		022DE1D7202DFF0B00B95854 /* Info.plist */ = {isa = PBXFileReference; lastKnownFileType = text.plist.xml; path = Info.plist; sourceTree = "<group>"; };
		022DE1DF202E02F500B95854 /* CDMigrationTest-old.sqlite */ = {isa = PBXFileReference; lastKnownFileType = file; path = "CDMigrationTest-old.sqlite"; sourceTree = "<group>"; };
		022DE1E5202E109000B95854 /* CDMigrationService.swift */ = {isa = PBXFileReference; lastKnownFileType = sourcecode.swift; path = CDMigrationService.swift; sourceTree = "<group>"; };
		025B0EA82028B40400A6BDED /* CDMigrationTest.app */ = {isa = PBXFileReference; explicitFileType = wrapper.application; includeInIndex = 0; path = CDMigrationTest.app; sourceTree = BUILT_PRODUCTS_DIR; };
		025B0EAB2028B40400A6BDED /* AppDelegate.swift */ = {isa = PBXFileReference; lastKnownFileType = sourcecode.swift; path = AppDelegate.swift; sourceTree = "<group>"; };
		025B0EAD2028B40400A6BDED /* ViewController.swift */ = {isa = PBXFileReference; lastKnownFileType = sourcecode.swift; path = ViewController.swift; sourceTree = "<group>"; };
		025B0EB02028B40400A6BDED /* Base */ = {isa = PBXFileReference; lastKnownFileType = file.storyboard; name = Base; path = Base.lproj/Main.storyboard; sourceTree = "<group>"; };
		025B0EB32028B40400A6BDED /* CDMigrationTest.xcdatamodel */ = {isa = PBXFileReference; lastKnownFileType = wrapper.xcdatamodel; path = CDMigrationTest.xcdatamodel; sourceTree = "<group>"; };
		025B0EB52028B40400A6BDED /* Assets.xcassets */ = {isa = PBXFileReference; lastKnownFileType = folder.assetcatalog; path = Assets.xcassets; sourceTree = "<group>"; };
		025B0EB82028B40400A6BDED /* Base */ = {isa = PBXFileReference; lastKnownFileType = file.storyboard; name = Base; path = Base.lproj/LaunchScreen.storyboard; sourceTree = "<group>"; };
		025B0EBA2028B40400A6BDED /* Info.plist */ = {isa = PBXFileReference; lastKnownFileType = text.plist.xml; path = Info.plist; sourceTree = "<group>"; };
		025B0EC92029BE9600A6BDED /* CDMigrationTest2.xcdatamodel */ = {isa = PBXFileReference; lastKnownFileType = wrapper.xcdatamodel; path = CDMigrationTest2.xcdatamodel; sourceTree = "<group>"; };
		025B0ED0202C94F300A6BDED /* v1_to_v2_mappingModel.xcmappingmodel */ = {isa = PBXFileReference; lastKnownFileType = wrapper.xcmappingmodel; path = v1_to_v2_mappingModel.xcmappingmodel; sourceTree = "<group>"; };
		025B0ED3202C95DC00A6BDED /* v1_to_v2_migrationPolicy.swift */ = {isa = PBXFileReference; lastKnownFileType = sourcecode.swift; path = v1_to_v2_migrationPolicy.swift; sourceTree = "<group>"; };
/* End PBXFileReference section */

/* Begin PBXFrameworksBuildPhase section */
		022DE1D0202DFF0B00B95854 /* Frameworks */ = {
			isa = PBXFrameworksBuildPhase;
			buildActionMask = 2147483647;
			files = (
			);
			runOnlyForDeploymentPostprocessing = 0;
		};
		025B0EA52028B40400A6BDED /* Frameworks */ = {
			isa = PBXFrameworksBuildPhase;
			buildActionMask = 2147483647;
			files = (
			);
			runOnlyForDeploymentPostprocessing = 0;
		};
/* End PBXFrameworksBuildPhase section */

/* Begin PBXGroup section */
		022DE1D4202DFF0B00B95854 /* CDMigrationTestTests */ = {
			isa = PBXGroup;
			children = (
				022DE1D5202DFF0B00B95854 /* CDMigrationTestTests.swift */,
				022DE1D7202DFF0B00B95854 /* Info.plist */,
			);
			path = CDMigrationTestTests;
			sourceTree = "<group>";
		};
		022DE1DE202E02D800B95854 /* Resources */ = {
			isa = PBXGroup;
			children = (
				022DE1DF202E02F500B95854 /* CDMigrationTest-old.sqlite */,
			);
			path = Resources;
			sourceTree = "<group>";
		};
		022DE1E4202E107B00B95854 /* Services */ = {
			isa = PBXGroup;
			children = (
				022DE1E5202E109000B95854 /* CDMigrationService.swift */,
			);
			path = Services;
			sourceTree = "<group>";
		};
		025B0E9F2028B40400A6BDED = {
			isa = PBXGroup;
			children = (
				025B0EAA2028B40400A6BDED /* CDMigrationTest */,
				022DE1D4202DFF0B00B95854 /* CDMigrationTestTests */,
				025B0EA92028B40400A6BDED /* Products */,
			);
			sourceTree = "<group>";
		};
		025B0EA92028B40400A6BDED /* Products */ = {
			isa = PBXGroup;
			children = (
				025B0EA82028B40400A6BDED /* CDMigrationTest.app */,
				022DE1D3202DFF0B00B95854 /* CDMigrationTestTests.xctest */,
			);
			name = Products;
			sourceTree = "<group>";
		};
		025B0EAA2028B40400A6BDED /* CDMigrationTest */ = {
			isa = PBXGroup;
			children = (
				022DE1E4202E107B00B95854 /* Services */,
				022DE1DE202E02D800B95854 /* Resources */,
				025B0ED2202C958200A6BDED /* MigrationPolicies */,
				025B0ECF202C94C400A6BDED /* CDModelMappings */,
				025B0EC02028B8FB00A6BDED /* Model */,
				025B0EAB2028B40400A6BDED /* AppDelegate.swift */,
				025B0EAD2028B40400A6BDED /* ViewController.swift */,
				025B0EAF2028B40400A6BDED /* Main.storyboard */,
				025B0EB52028B40400A6BDED /* Assets.xcassets */,
				025B0EB72028B40400A6BDED /* LaunchScreen.storyboard */,
				025B0EBA2028B40400A6BDED /* Info.plist */,
				025B0EB22028B40400A6BDED /* CDMigrationTest.xcdatamodeld */,
			);
			path = CDMigrationTest;
			sourceTree = "<group>";
		};
		025B0EC02028B8FB00A6BDED /* Model */ = {
			isa = PBXGroup;
			children = (
				022DE1C7202DBB8600B95854 /* SimpleEntity+CoreDataClass.swift */,
				022DE1C8202DBB8600B95854 /* SimpleEntity+CoreDataProperties.swift */,
				022DE1C9202DBB8600B95854 /* TextEntity+CoreDataClass.swift */,
				022DE1CA202DBB8600B95854 /* TextEntity+CoreDataProperties.swift */,
			);
			path = Model;
			sourceTree = "<group>";
		};
		025B0ECF202C94C400A6BDED /* CDModelMappings */ = {
			isa = PBXGroup;
			children = (
				025B0ED0202C94F300A6BDED /* v1_to_v2_mappingModel.xcmappingmodel */,
				022DE1C3202DB41400B95854 /* v2_to_v3_mappingModel.xcmappingmodel */,
			);
			path = CDModelMappings;
			sourceTree = "<group>";
		};
		025B0ED2202C958200A6BDED /* MigrationPolicies */ = {
			isa = PBXGroup;
			children = (
				025B0ED3202C95DC00A6BDED /* v1_to_v2_migrationPolicy.swift */,
				022DE1C5202DB43900B95854 /* v2_to_v3_migrationPolicy.swift */,
			);
			path = MigrationPolicies;
			sourceTree = "<group>";
		};
/* End PBXGroup section */

/* Begin PBXNativeTarget section */
		022DE1D2202DFF0B00B95854 /* CDMigrationTestTests */ = {
			isa = PBXNativeTarget;
			buildConfigurationList = 022DE1DC202DFF0B00B95854 /* Build configuration list for PBXNativeTarget "CDMigrationTestTests" */;
			buildPhases = (
				022DE1CF202DFF0B00B95854 /* Sources */,
				022DE1D0202DFF0B00B95854 /* Frameworks */,
				022DE1D1202DFF0B00B95854 /* Resources */,
			);
			buildRules = (
			);
			dependencies = (
				022DE1D9202DFF0B00B95854 /* PBXTargetDependency */,
			);
			name = CDMigrationTestTests;
			productName = CDMigrationTestTests;
			productReference = 022DE1D3202DFF0B00B95854 /* CDMigrationTestTests.xctest */;
			productType = "com.apple.product-type.bundle.unit-test";
		};
		025B0EA72028B40400A6BDED /* CDMigrationTest */ = {
			isa = PBXNativeTarget;
			buildConfigurationList = 025B0EBD2028B40400A6BDED /* Build configuration list for PBXNativeTarget "CDMigrationTest" */;
			buildPhases = (
				025B0EA42028B40400A6BDED /* Sources */,
				025B0EA52028B40400A6BDED /* Frameworks */,
				025B0EA62028B40400A6BDED /* Resources */,
			);
			buildRules = (
			);
			dependencies = (
			);
			name = CDMigrationTest;
			productName = CDMigrationTest;
			productReference = 025B0EA82028B40400A6BDED /* CDMigrationTest.app */;
			productType = "com.apple.product-type.application";
		};
/* End PBXNativeTarget section */

/* Begin PBXProject section */
		025B0EA02028B40400A6BDED /* Project object */ = {
			isa = PBXProject;
			attributes = {
				LastSwiftUpdateCheck = 0900;
				LastUpgradeCheck = 0900;
				ORGANIZATIONNAME = "Pavel Tikhonov";
				TargetAttributes = {
					022DE1D2202DFF0B00B95854 = {
						CreatedOnToolsVersion = 9.0.1;
						ProvisioningStyle = Automatic;
						TestTargetID = 025B0EA72028B40400A6BDED;
					};
					025B0EA72028B40400A6BDED = {
						CreatedOnToolsVersion = 9.0.1;
						ProvisioningStyle = Automatic;
					};
				};
			};
			buildConfigurationList = 025B0EA32028B40400A6BDED /* Build configuration list for PBXProject "CDMigrationTest" */;
			compatibilityVersion = "Xcode 8.0";
			developmentRegion = en;
			hasScannedForEncodings = 0;
			knownRegions = (
				en,
				Base,
			);
			mainGroup = 025B0E9F2028B40400A6BDED;
			productRefGroup = 025B0EA92028B40400A6BDED /* Products */;
			projectDirPath = "";
			projectRoot = "";
			targets = (
				025B0EA72028B40400A6BDED /* CDMigrationTest */,
				022DE1D2202DFF0B00B95854 /* CDMigrationTestTests */,
			);
		};
/* End PBXProject section */

/* Begin PBXResourcesBuildPhase section */
		022DE1D1202DFF0B00B95854 /* Resources */ = {
			isa = PBXResourcesBuildPhase;
			buildActionMask = 2147483647;
			files = (
				022DE1E1202E02F500B95854 /* CDMigrationTest-old.sqlite in Resources */,
			);
			runOnlyForDeploymentPostprocessing = 0;
		};
		025B0EA62028B40400A6BDED /* Resources */ = {
			isa = PBXResourcesBuildPhase;
			buildActionMask = 2147483647;
			files = (
				025B0EB92028B40400A6BDED /* LaunchScreen.storyboard in Resources */,
				025B0EB62028B40400A6BDED /* Assets.xcassets in Resources */,
				025B0EB12028B40400A6BDED /* Main.storyboard in Resources */,
				022DE1E0202E02F500B95854 /* CDMigrationTest-old.sqlite in Resources */,
			);
			runOnlyForDeploymentPostprocessing = 0;
		};
/* End PBXResourcesBuildPhase section */

/* Begin PBXSourcesBuildPhase section */
		022DE1CF202DFF0B00B95854 /* Sources */ = {
			isa = PBXSourcesBuildPhase;
			buildActionMask = 2147483647;
			files = (
				022DE1DD202E002300B95854 /* AppDelegate.swift in Sources */,
				022DE1D6202DFF0B00B95854 /* CDMigrationTestTests.swift in Sources */,
				022DE1E8202E135D00B95854 /* CDMigrationService.swift in Sources */,
			);
			runOnlyForDeploymentPostprocessing = 0;
		};
		025B0EA42028B40400A6BDED /* Sources */ = {
			isa = PBXSourcesBuildPhase;
			buildActionMask = 2147483647;
			files = (
				022DE1CE202DBB8600B95854 /* TextEntity+CoreDataProperties.swift in Sources */,
				022DE1CC202DBB8600B95854 /* SimpleEntity+CoreDataProperties.swift in Sources */,
				025B0ED4202C95DC00A6BDED /* v1_to_v2_migrationPolicy.swift in Sources */,
				025B0EB42028B40400A6BDED /* CDMigrationTest.xcdatamodeld in Sources */,
				022DE1CD202DBB8600B95854 /* TextEntity+CoreDataClass.swift in Sources */,
				022DE1E7202E133E00B95854 /* CDMigrationService.swift in Sources */,
				025B0EAE2028B40400A6BDED /* ViewController.swift in Sources */,
				025B0EAC2028B40400A6BDED /* AppDelegate.swift in Sources */,
				022DE1CB202DBB8600B95854 /* SimpleEntity+CoreDataClass.swift in Sources */,
				022DE1C4202DB41400B95854 /* v2_to_v3_mappingModel.xcmappingmodel in Sources */,
				025B0ED1202C94F300A6BDED /* v1_to_v2_mappingModel.xcmappingmodel in Sources */,
				022DE1C6202DB43900B95854 /* v2_to_v3_migrationPolicy.swift in Sources */,
			);
			runOnlyForDeploymentPostprocessing = 0;
		};
/* End PBXSourcesBuildPhase section */

/* Begin PBXTargetDependency section */
		022DE1D9202DFF0B00B95854 /* PBXTargetDependency */ = {
			isa = PBXTargetDependency;
			target = 025B0EA72028B40400A6BDED /* CDMigrationTest */;
			targetProxy = 022DE1D8202DFF0B00B95854 /* PBXContainerItemProxy */;
		};
/* End PBXTargetDependency section */

/* Begin PBXVariantGroup section */
		025B0EAF2028B40400A6BDED /* Main.storyboard */ = {
			isa = PBXVariantGroup;
			children = (
				025B0EB02028B40400A6BDED /* Base */,
			);
			name = Main.storyboard;
			sourceTree = "<group>";
		};
		025B0EB72028B40400A6BDED /* LaunchScreen.storyboard */ = {
			isa = PBXVariantGroup;
			children = (
				025B0EB82028B40400A6BDED /* Base */,
			);
			name = LaunchScreen.storyboard;
			sourceTree = "<group>";
		};
/* End PBXVariantGroup section */

/* Begin XCBuildConfiguration section */
		022DE1DA202DFF0B00B95854 /* Debug */ = {
			isa = XCBuildConfiguration;
			buildSettings = {
				BUNDLE_LOADER = "$(TEST_HOST)";
				CODE_SIGN_STYLE = Automatic;
				INFOPLIST_FILE = CDMigrationTestTests/Info.plist;
				LD_RUNPATH_SEARCH_PATHS = "$(inherited) @executable_path/Frameworks @loader_path/Frameworks";
				PRODUCT_BUNDLE_IDENTIFIER = com.CDMigrationTestTests;
				PRODUCT_NAME = "$(TARGET_NAME)";
				SWIFT_VERSION = 4.0;
				TARGETED_DEVICE_FAMILY = "1,2";
				TEST_HOST = "$(BUILT_PRODUCTS_DIR)/CDMigrationTest.app/CDMigrationTest";
			};
			name = Debug;
		};
		022DE1DB202DFF0B00B95854 /* Release */ = {
			isa = XCBuildConfiguration;
			buildSettings = {
				BUNDLE_LOADER = "$(TEST_HOST)";
				CODE_SIGN_STYLE = Automatic;
				INFOPLIST_FILE = CDMigrationTestTests/Info.plist;
				LD_RUNPATH_SEARCH_PATHS = "$(inherited) @executable_path/Frameworks @loader_path/Frameworks";
				PRODUCT_BUNDLE_IDENTIFIER = com.CDMigrationTestTests;
				PRODUCT_NAME = "$(TARGET_NAME)";
				SWIFT_VERSION = 4.0;
				TARGETED_DEVICE_FAMILY = "1,2";
				TEST_HOST = "$(BUILT_PRODUCTS_DIR)/CDMigrationTest.app/CDMigrationTest";
			};
			name = Release;
		};
		025B0EBB2028B40400A6BDED /* Debug */ = {
			isa = XCBuildConfiguration;
			buildSettings = {
				ALWAYS_SEARCH_USER_PATHS = NO;
				CLANG_ANALYZER_NONNULL = YES;
				CLANG_ANALYZER_NUMBER_OBJECT_CONVERSION = YES_AGGRESSIVE;
				CLANG_CXX_LANGUAGE_STANDARD = "gnu++14";
				CLANG_CXX_LIBRARY = "libc++";
				CLANG_ENABLE_MODULES = YES;
				CLANG_ENABLE_OBJC_ARC = YES;
				CLANG_WARN_BLOCK_CAPTURE_AUTORELEASING = YES;
				CLANG_WARN_BOOL_CONVERSION = YES;
				CLANG_WARN_COMMA = YES;
				CLANG_WARN_CONSTANT_CONVERSION = YES;
				CLANG_WARN_DIRECT_OBJC_ISA_USAGE = YES_ERROR;
				CLANG_WARN_DOCUMENTATION_COMMENTS = YES;
				CLANG_WARN_EMPTY_BODY = YES;
				CLANG_WARN_ENUM_CONVERSION = YES;
				CLANG_WARN_INFINITE_RECURSION = YES;
				CLANG_WARN_INT_CONVERSION = YES;
				CLANG_WARN_NON_LITERAL_NULL_CONVERSION = YES;
				CLANG_WARN_OBJC_LITERAL_CONVERSION = YES;
				CLANG_WARN_OBJC_ROOT_CLASS = YES_ERROR;
				CLANG_WARN_RANGE_LOOP_ANALYSIS = YES;
				CLANG_WARN_STRICT_PROTOTYPES = YES;
				CLANG_WARN_SUSPICIOUS_MOVE = YES;
				CLANG_WARN_UNGUARDED_AVAILABILITY = YES_AGGRESSIVE;
				CLANG_WARN_UNREACHABLE_CODE = YES;
				CLANG_WARN__DUPLICATE_METHOD_MATCH = YES;
				CODE_SIGN_IDENTITY = "iPhone Developer";
				COPY_PHASE_STRIP = NO;
				DEBUG_INFORMATION_FORMAT = dwarf;
				ENABLE_STRICT_OBJC_MSGSEND = YES;
				ENABLE_TESTABILITY = YES;
				GCC_C_LANGUAGE_STANDARD = gnu11;
				GCC_DYNAMIC_NO_PIC = NO;
				GCC_NO_COMMON_BLOCKS = YES;
				GCC_OPTIMIZATION_LEVEL = 0;
				GCC_PREPROCESSOR_DEFINITIONS = (
					"DEBUG=1",
					"$(inherited)",
				);
				GCC_WARN_64_TO_32_BIT_CONVERSION = YES;
				GCC_WARN_ABOUT_RETURN_TYPE = YES_ERROR;
				GCC_WARN_UNDECLARED_SELECTOR = YES;
				GCC_WARN_UNINITIALIZED_AUTOS = YES_AGGRESSIVE;
				GCC_WARN_UNUSED_FUNCTION = YES;
				GCC_WARN_UNUSED_VARIABLE = YES;
				IPHONEOS_DEPLOYMENT_TARGET = 11.0;
				MTL_ENABLE_DEBUG_INFO = YES;
				ONLY_ACTIVE_ARCH = YES;
				SDKROOT = iphoneos;
				SWIFT_ACTIVE_COMPILATION_CONDITIONS = DEBUG;
				SWIFT_OPTIMIZATION_LEVEL = "-Onone";
			};
			name = Debug;
		};
		025B0EBC2028B40400A6BDED /* Release */ = {
			isa = XCBuildConfiguration;
			buildSettings = {
				ALWAYS_SEARCH_USER_PATHS = NO;
				CLANG_ANALYZER_NONNULL = YES;
				CLANG_ANALYZER_NUMBER_OBJECT_CONVERSION = YES_AGGRESSIVE;
				CLANG_CXX_LANGUAGE_STANDARD = "gnu++14";
				CLANG_CXX_LIBRARY = "libc++";
				CLANG_ENABLE_MODULES = YES;
				CLANG_ENABLE_OBJC_ARC = YES;
				CLANG_WARN_BLOCK_CAPTURE_AUTORELEASING = YES;
				CLANG_WARN_BOOL_CONVERSION = YES;
				CLANG_WARN_COMMA = YES;
				CLANG_WARN_CONSTANT_CONVERSION = YES;
				CLANG_WARN_DIRECT_OBJC_ISA_USAGE = YES_ERROR;
				CLANG_WARN_DOCUMENTATION_COMMENTS = YES;
				CLANG_WARN_EMPTY_BODY = YES;
				CLANG_WARN_ENUM_CONVERSION = YES;
				CLANG_WARN_INFINITE_RECURSION = YES;
				CLANG_WARN_INT_CONVERSION = YES;
				CLANG_WARN_NON_LITERAL_NULL_CONVERSION = YES;
				CLANG_WARN_OBJC_LITERAL_CONVERSION = YES;
				CLANG_WARN_OBJC_ROOT_CLASS = YES_ERROR;
				CLANG_WARN_RANGE_LOOP_ANALYSIS = YES;
				CLANG_WARN_STRICT_PROTOTYPES = YES;
				CLANG_WARN_SUSPICIOUS_MOVE = YES;
				CLANG_WARN_UNGUARDED_AVAILABILITY = YES_AGGRESSIVE;
				CLANG_WARN_UNREACHABLE_CODE = YES;
				CLANG_WARN__DUPLICATE_METHOD_MATCH = YES;
				CODE_SIGN_IDENTITY = "iPhone Developer";
				COPY_PHASE_STRIP = NO;
				DEBUG_INFORMATION_FORMAT = "dwarf-with-dsym";
				ENABLE_NS_ASSERTIONS = NO;
				ENABLE_STRICT_OBJC_MSGSEND = YES;
				GCC_C_LANGUAGE_STANDARD = gnu11;
				GCC_NO_COMMON_BLOCKS = YES;
				GCC_WARN_64_TO_32_BIT_CONVERSION = YES;
				GCC_WARN_ABOUT_RETURN_TYPE = YES_ERROR;
				GCC_WARN_UNDECLARED_SELECTOR = YES;
				GCC_WARN_UNINITIALIZED_AUTOS = YES_AGGRESSIVE;
				GCC_WARN_UNUSED_FUNCTION = YES;
				GCC_WARN_UNUSED_VARIABLE = YES;
				IPHONEOS_DEPLOYMENT_TARGET = 11.0;
				MTL_ENABLE_DEBUG_INFO = NO;
				SDKROOT = iphoneos;
				SWIFT_OPTIMIZATION_LEVEL = "-Owholemodule";
				VALIDATE_PRODUCT = YES;
			};
			name = Release;
		};
		025B0EBE2028B40400A6BDED /* Debug */ = {
			isa = XCBuildConfiguration;
			buildSettings = {
				ASSETCATALOG_COMPILER_APPICON_NAME = AppIcon;
				CODE_SIGN_STYLE = Automatic;
				INFOPLIST_FILE = CDMigrationTest/Info.plist;
				IPHONEOS_DEPLOYMENT_TARGET = 9.3;
				LD_RUNPATH_SEARCH_PATHS = "$(inherited) @executable_path/Frameworks";
				PRODUCT_BUNDLE_IDENTIFIER = com.CDMigrationTest;
				PRODUCT_NAME = "$(TARGET_NAME)";
				SWIFT_VERSION = 4.0;
				TARGETED_DEVICE_FAMILY = "1,2";
			};
			name = Debug;
		};
		025B0EBF2028B40400A6BDED /* Release */ = {
			isa = XCBuildConfiguration;
			buildSettings = {
				ASSETCATALOG_COMPILER_APPICON_NAME = AppIcon;
				CODE_SIGN_STYLE = Automatic;
				INFOPLIST_FILE = CDMigrationTest/Info.plist;
				IPHONEOS_DEPLOYMENT_TARGET = 9.3;
				LD_RUNPATH_SEARCH_PATHS = "$(inherited) @executable_path/Frameworks";
				PRODUCT_BUNDLE_IDENTIFIER = com.CDMigrationTest;
				PRODUCT_NAME = "$(TARGET_NAME)";
				SWIFT_VERSION = 4.0;
				TARGETED_DEVICE_FAMILY = "1,2";
			};
			name = Release;
		};
/* End XCBuildConfiguration section */

/* Begin XCConfigurationList section */
		022DE1DC202DFF0B00B95854 /* Build configuration list for PBXNativeTarget "CDMigrationTestTests" */ = {
			isa = XCConfigurationList;
			buildConfigurations = (
				022DE1DA202DFF0B00B95854 /* Debug */,
				022DE1DB202DFF0B00B95854 /* Release */,
			);
			defaultConfigurationIsVisible = 0;
			defaultConfigurationName = Release;
		};
		025B0EA32028B40400A6BDED /* Build configuration list for PBXProject "CDMigrationTest" */ = {
			isa = XCConfigurationList;
			buildConfigurations = (
				025B0EBB2028B40400A6BDED /* Debug */,
				025B0EBC2028B40400A6BDED /* Release */,
			);
			defaultConfigurationIsVisible = 0;
			defaultConfigurationName = Release;
		};
		025B0EBD2028B40400A6BDED /* Build configuration list for PBXNativeTarget "CDMigrationTest" */ = {
			isa = XCConfigurationList;
			buildConfigurations = (
				025B0EBE2028B40400A6BDED /* Debug */,
				025B0EBF2028B40400A6BDED /* Release */,
			);
			defaultConfigurationIsVisible = 0;
			defaultConfigurationName = Release;
		};
/* End XCConfigurationList section */

/* Begin XCVersionGroup section */
		025B0EB22028B40400A6BDED /* CDMigrationTest.xcdatamodeld */ = {
			isa = XCVersionGroup;
			children = (
				022DE1BE202DB29600B95854 /* CDMigrationTest3.xcdatamodel */,
				025B0EC92029BE9600A6BDED /* CDMigrationTest2.xcdatamodel */,
				025B0EB32028B40400A6BDED /* CDMigrationTest.xcdatamodel */,
			);
			currentVersion = 022DE1BE202DB29600B95854 /* CDMigrationTest3.xcdatamodel */;
			path = CDMigrationTest.xcdatamodeld;
			sourceTree = "<group>";
			versionGroupType = wrapper.xcdatamodel;
		};
/* End XCVersionGroup section */
	};
	rootObject = 025B0EA02028B40400A6BDED /* Project object */;
}
